// !$*UTF8*$!
{
	archiveVersion = 1;
	classes = {
	};
	objectVersion = 50;
	objects = {

/* Begin PBXBuildFile section */
		C785A1F7272AC7F60061B719 /* AppDelegate.swift in Sources */ = {isa = PBXBuildFile; fileRef = C785A1F6272AC7F60061B719 /* AppDelegate.swift */; };
		C785A200272AC7FB0061B719 /* Assets.xcassets in Resources */ = {isa = PBXBuildFile; fileRef = C785A1FF272AC7FB0061B719 /* Assets.xcassets */; };
		C785A203272AC7FB0061B719 /* LaunchScreen.storyboard in Resources */ = {isa = PBXBuildFile; fileRef = C785A201272AC7FB0061B719 /* LaunchScreen.storyboard */; };
		C785A20F272AC8860061B719 /* MainVC.swift in Sources */ = {isa = PBXBuildFile; fileRef = C785A20D272AC8860061B719 /* MainVC.swift */; };
		C785A210272AC8860061B719 /* MainVC.xib in Resources */ = {isa = PBXBuildFile; fileRef = C785A20E272AC8860061B719 /* MainVC.xib */; };
/* End PBXBuildFile section */

/* Begin PBXFileReference section */
		C785A1F3272AC7F60061B719 /* PulBackCashBack.app */ = {isa = PBXFileReference; explicitFileType = wrapper.application; includeInIndex = 0; path = PulBackCashBack.app; sourceTree = BUILT_PRODUCTS_DIR; };
		C785A1F6272AC7F60061B719 /* AppDelegate.swift */ = {isa = PBXFileReference; lastKnownFileType = sourcecode.swift; path = AppDelegate.swift; sourceTree = "<group>"; };
		C785A1FF272AC7FB0061B719 /* Assets.xcassets */ = {isa = PBXFileReference; lastKnownFileType = folder.assetcatalog; path = Assets.xcassets; sourceTree = "<group>"; };
		C785A202272AC7FB0061B719 /* Base */ = {isa = PBXFileReference; lastKnownFileType = file.storyboard; name = Base; path = Base.lproj/LaunchScreen.storyboard; sourceTree = "<group>"; };
		C785A204272AC7FB0061B719 /* Info.plist */ = {isa = PBXFileReference; lastKnownFileType = text.plist.xml; path = Info.plist; sourceTree = "<group>"; };
		C785A20D272AC8860061B719 /* MainVC.swift */ = {isa = PBXFileReference; lastKnownFileType = sourcecode.swift; path = MainVC.swift; sourceTree = "<group>"; };
		C785A20E272AC8860061B719 /* MainVC.xib */ = {isa = PBXFileReference; lastKnownFileType = file.xib; path = MainVC.xib; sourceTree = "<group>"; };
/* End PBXFileReference section */

/* Begin PBXFrameworksBuildPhase section */
		C785A1F0272AC7F60061B719 /* Frameworks */ = {
			isa = PBXFrameworksBuildPhase;
			buildActionMask = 2147483647;
			files = (
			);
			runOnlyForDeploymentPostprocessing = 0;
		};
/* End PBXFrameworksBuildPhase section */

/* Begin PBXGroup section */
		C785A1EA272AC7F60061B719 = {
			isa = PBXGroup;
			children = (
				C785A1F5272AC7F60061B719 /* PulBackCashBack */,
				C785A1F4272AC7F60061B719 /* Products */,
			);
			sourceTree = "<group>";
		};
		C785A1F4272AC7F60061B719 /* Products */ = {
			isa = PBXGroup;
			children = (
				C785A1F3272AC7F60061B719 /* PulBackCashBack.app */,
			);
			name = Products;
			sourceTree = "<group>";
		};
		C785A1F5272AC7F60061B719 /* PulBackCashBack */ = {
			isa = PBXGroup;
			children = (
				C785A20C272AC8300061B719 /* Controller */,
				C785A20B272AC82C0061B719 /* View */,
				C785A20A272AC8260061B719 /* Model */,
				C785A1F6272AC7F60061B719 /* AppDelegate.swift */,
				C785A1FF272AC7FB0061B719 /* Assets.xcassets */,
				C785A201272AC7FB0061B719 /* LaunchScreen.storyboard */,
				C785A204272AC7FB0061B719 /* Info.plist */,
			);
			path = PulBackCashBack;
			sourceTree = "<group>";
		};
		C785A20A272AC8260061B719 /* Model */ = {
			isa = PBXGroup;
			children = (
			);
			path = Model;
			sourceTree = "<group>";
		};
		C785A20B272AC82C0061B719 /* View */ = {
			isa = PBXGroup;
			children = (
				C785A20D272AC8860061B719 /* MainVC.swift */,
				C785A20E272AC8860061B719 /* MainVC.xib */,
			);
			path = View;
			sourceTree = "<group>";
		};
		C785A20C272AC8300061B719 /* Controller */ = {
			isa = PBXGroup;
			children = (
			);
			path = Controller;
			sourceTree = "<group>";
		};
/* End PBXGroup section */

/* Begin PBXNativeTarget section */
		C785A1F2272AC7F60061B719 /* PulBackCashBack */ = {
			isa = PBXNativeTarget;
			buildConfigurationList = C785A207272AC7FB0061B719 /* Build configuration list for PBXNativeTarget "PulBackCashBack" */;
			buildPhases = (
				C785A1EF272AC7F60061B719 /* Sources */,
				C785A1F0272AC7F60061B719 /* Frameworks */,
				C785A1F1272AC7F60061B719 /* Resources */,
			);
			buildRules = (
			);
			dependencies = (
			);
			name = PulBackCashBack;
			productName = PulBackCashBack;
			productReference = C785A1F3272AC7F60061B719 /* PulBackCashBack.app */;
			productType = "com.apple.product-type.application";
		};
/* End PBXNativeTarget section */

/* Begin PBXProject section */
		C785A1EB272AC7F60061B719 /* Project object */ = {
			isa = PBXProject;
			attributes = {
				LastSwiftUpdateCheck = 1250;
				LastUpgradeCheck = 1250;
				TargetAttributes = {
					C785A1F2272AC7F60061B719 = {
						CreatedOnToolsVersion = 12.5.1;
					};
				};
			};
			buildConfigurationList = C785A1EE272AC7F60061B719 /* Build configuration list for PBXProject "PulBackCashBack" */;
			compatibilityVersion = "Xcode 9.3";
			developmentRegion = en;
			hasScannedForEncodings = 0;
			knownRegions = (
				en,
				Base,
			);
			mainGroup = C785A1EA272AC7F60061B719;
			productRefGroup = C785A1F4272AC7F60061B719 /* Products */;
			projectDirPath = "";
			projectRoot = "";
			targets = (
				C785A1F2272AC7F60061B719 /* PulBackCashBack */,
			);
		};
/* End PBXProject section */

/* Begin PBXResourcesBuildPhase section */
		C785A1F1272AC7F60061B719 /* Resources */ = {
			isa = PBXResourcesBuildPhase;
			buildActionMask = 2147483647;
			files = (
				C785A210272AC8860061B719 /* MainVC.xib in Resources */,
				C785A203272AC7FB0061B719 /* LaunchScreen.storyboard in Resources */,
				C785A200272AC7FB0061B719 /* Assets.xcassets in Resources */,
			);
			runOnlyForDeploymentPostprocessing = 0;
		};
/* End PBXResourcesBuildPhase section */

/* Begin PBXSourcesBuildPhase section */
		C785A1EF272AC7F60061B719 /* Sources */ = {
			isa = PBXSourcesBuildPhase;
			buildActionMask = 2147483647;
			files = (
				C785A1F7272AC7F60061B719 /* AppDelegate.swift in Sources */,
				C785A20F272AC8860061B719 /* MainVC.swift in Sources */,
			);
			runOnlyForDeploymentPostprocessing = 0;
		};
/* End PBXSourcesBuildPhase section */

/* Begin PBXVariantGroup section */
		C785A201272AC7FB0061B719 /* LaunchScreen.storyboard */ = {
			isa = PBXVariantGroup;
			children = (
				C785A202272AC7FB0061B719 /* Base */,
			);
			name = LaunchScreen.storyboard;
			sourceTree = "<group>";
		};
/* End PBXVariantGroup section */

/* Begin XCBuildConfiguration section */
		C785A205272AC7FB0061B719 /* Debug */ = {
			isa = XCBuildConfiguration;
			buildSettings = {
				ALWAYS_SEARCH_USER_PATHS = NO;
				CLANG_ANALYZER_NONNULL = YES;
				CLANG_ANALYZER_NUMBER_OBJECT_CONVERSION = YES_AGGRESSIVE;
				CLANG_CXX_LANGUAGE_STANDARD = "gnu++14";
				CLANG_CXX_LIBRARY = "libc++";
				CLANG_ENABLE_MODULES = YES;
				CLANG_ENABLE_OBJC_ARC = YES;
				CLANG_ENABLE_OBJC_WEAK = YES;
				CLANG_WARN_BLOCK_CAPTURE_AUTORELEASING = YES;
				CLANG_WARN_BOOL_CONVERSION = YES;
				CLANG_WARN_COMMA = YES;
				CLANG_WARN_CONSTANT_CONVERSION = YES;
				CLANG_WARN_DEPRECATED_OBJC_IMPLEMENTATIONS = YES;
				CLANG_WARN_DIRECT_OBJC_ISA_USAGE = YES_ERROR;
				CLANG_WARN_DOCUMENTATION_COMMENTS = YES;
				CLANG_WARN_EMPTY_BODY = YES;
				CLANG_WARN_ENUM_CONVERSION = YES;
				CLANG_WARN_INFINITE_RECURSION = YES;
				CLANG_WARN_INT_CONVERSION = YES;
				CLANG_WARN_NON_LITERAL_NULL_CONVERSION = YES;
				CLANG_WARN_OBJC_IMPLICIT_RETAIN_SELF = YES;
				CLANG_WARN_OBJC_LITERAL_CONVERSION = YES;
				CLANG_WARN_OBJC_ROOT_CLASS = YES_ERROR;
				CLANG_WARN_QUOTED_INCLUDE_IN_FRAMEWORK_HEADER = YES;
				CLANG_WARN_RANGE_LOOP_ANALYSIS = YES;
				CLANG_WARN_STRICT_PROTOTYPES = YES;
				CLANG_WARN_SUSPICIOUS_MOVE = YES;
				CLANG_WARN_UNGUARDED_AVAILABILITY = YES_AGGRESSIVE;
				CLANG_WARN_UNREACHABLE_CODE = YES;
				CLANG_WARN__DUPLICATE_METHOD_MATCH = YES;
				COPY_PHASE_STRIP = NO;
				DEBUG_INFORMATION_FORMAT = dwarf;
				ENABLE_STRICT_OBJC_MSGSEND = YES;
				ENABLE_TESTABILITY = YES;
				GCC_C_LANGUAGE_STANDARD = gnu11;
				GCC_DYNAMIC_NO_PIC = NO;
				GCC_NO_COMMON_BLOCKS = YES;
				GCC_OPTIMIZATION_LEVEL = 0;
				GCC_PREPROCESSOR_DEFINITIONS = (
					"DEBUG=1",
					"$(inherited)",
				);
				GCC_WARN_64_TO_32_BIT_CONVERSION = YES;
				GCC_WARN_ABOUT_RETURN_TYPE = YES_ERROR;
				GCC_WARN_UNDECLARED_SELECTOR = YES;
				GCC_WARN_UNINITIALIZED_AUTOS = YES_AGGRESSIVE;
				GCC_WARN_UNUSED_FUNCTION = YES;
				GCC_WARN_UNUSED_VARIABLE = YES;
				IPHONEOS_DEPLOYMENT_TARGET = 14.5;
				MTL_ENABLE_DEBUG_INFO = INCLUDE_SOURCE;
				MTL_FAST_MATH = YES;
				ONLY_ACTIVE_ARCH = YES;
				SDKROOT = iphoneos;
				SWIFT_ACTIVE_COMPILATION_CONDITIONS = DEBUG;
				SWIFT_OPTIMIZATION_LEVEL = "-Onone";
			};
			name = Debug;
		};
		C785A206272AC7FB0061B719 /* Release */ = {
			isa = XCBuildConfiguration;
			buildSettings = {
				ALWAYS_SEARCH_USER_PATHS = NO;
				CLANG_ANALYZER_NONNULL = YES;
				CLANG_ANALYZER_NUMBER_OBJECT_CONVERSION = YES_AGGRESSIVE;
				CLANG_CXX_LANGUAGE_STANDARD = "gnu++14";
				CLANG_CXX_LIBRARY = "libc++";
				CLANG_ENABLE_MODULES = YES;
				CLANG_ENABLE_OBJC_ARC = YES;
				CLANG_ENABLE_OBJC_WEAK = YES;
				CLANG_WARN_BLOCK_CAPTURE_AUTORELEASING = YES;
				CLANG_WARN_BOOL_CONVERSION = YES;
				CLANG_WARN_COMMA = YES;
				CLANG_WARN_CONSTANT_CONVERSION = YES;
				CLANG_WARN_DEPRECATED_OBJC_IMPLEMENTATIONS = YES;
				CLANG_WARN_DIRECT_OBJC_ISA_USAGE = YES_ERROR;
				CLANG_WARN_DOCUMENTATION_COMMENTS = YES;
				CLANG_WARN_EMPTY_BODY = YES;
				CLANG_WARN_ENUM_CONVERSION = YES;
				CLANG_WARN_INFINITE_RECURSION = YES;
				CLANG_WARN_INT_CONVERSION = YES;
				CLANG_WARN_NON_LITERAL_NULL_CONVERSION = YES;
				CLANG_WARN_OBJC_IMPLICIT_RETAIN_SELF = YES;
				CLANG_WARN_OBJC_LITERAL_CONVERSION = YES;
				CLANG_WARN_OBJC_ROOT_CLASS = YES_ERROR;
				CLANG_WARN_QUOTED_INCLUDE_IN_FRAMEWORK_HEADER = YES;
				CLANG_WARN_RANGE_LOOP_ANALYSIS = YES;
				CLANG_WARN_STRICT_PROTOTYPES = YES;
				CLANG_WARN_SUSPICIOUS_MOVE = YES;
				CLANG_WARN_UNGUARDED_AVAILABILITY = YES_AGGRESSIVE;
				CLANG_WARN_UNREACHABLE_CODE = YES;
				CLANG_WARN__DUPLICATE_METHOD_MATCH = YES;
				COPY_PHASE_STRIP = NO;
				DEBUG_INFORMATION_FORMAT = "dwarf-with-dsym";
				ENABLE_NS_ASSERTIONS = NO;
				ENABLE_STRICT_OBJC_MSGSEND = YES;
				GCC_C_LANGUAGE_STANDARD = gnu11;
				GCC_NO_COMMON_BLOCKS = YES;
				GCC_WARN_64_TO_32_BIT_CONVERSION = YES;
				GCC_WARN_ABOUT_RETURN_TYPE = YES_ERROR;
				GCC_WARN_UNDECLARED_SELECTOR = YES;
				GCC_WARN_UNINITIALIZED_AUTOS = YES_AGGRESSIVE;
				GCC_WARN_UNUSED_FUNCTION = YES;
				GCC_WARN_UNUSED_VARIABLE = YES;
				IPHONEOS_DEPLOYMENT_TARGET = 14.5;
				MTL_ENABLE_DEBUG_INFO = NO;
				MTL_FAST_MATH = YES;
				SDKROOT = iphoneos;
				SWIFT_COMPILATION_MODE = wholemodule;
				SWIFT_OPTIMIZATION_LEVEL = "-O";
				VALIDATE_PRODUCT = YES;
			};
			name = Release;
		};
		C785A208272AC7FB0061B719 /* Debug */ = {
			isa = XCBuildConfiguration;
			buildSettings = {
				ASSETCATALOG_COMPILER_APPICON_NAME = AppIcon;
				ASSETCATALOG_COMPILER_GLOBAL_ACCENT_COLOR_NAME = AccentColor;
				CODE_SIGN_STYLE = Automatic;
				DEVELOPMENT_TEAM = 47VK337CR8;
				INFOPLIST_FILE = PulBackCashBack/Info.plist;
				LD_RUNPATH_SEARCH_PATHS = (
					"$(inherited)",
					"@executable_path/Frameworks",
				);
				PRODUCT_BUNDLE_IDENTIFIER = "Firdavs-Zokirov.PulBackCashBack";
				PRODUCT_NAME = "$(TARGET_NAME)";
				SWIFT_VERSION = 5.0;
				TARGETED_DEVICE_FAMILY = "1,2";
			};
			name = Debug;
		};
		C785A209272AC7FB0061B719 /* Release */ = {
			isa = XCBuildConfiguration;
			buildSettings = {
				ASSETCATALOG_COMPILER_APPICON_NAME = AppIcon;
				ASSETCATALOG_COMPILER_GLOBAL_ACCENT_COLOR_NAME = AccentColor;
				CODE_SIGN_STYLE = Automatic;
				DEVELOPMENT_TEAM = 47VK337CR8;
				INFOPLIST_FILE = PulBackCashBack/Info.plist;
				LD_RUNPATH_SEARCH_PATHS = (
					"$(inherited)",
					"@executable_path/Frameworks",
				);
				PRODUCT_BUNDLE_IDENTIFIER = "Firdavs-Zokirov.PulBackCashBack";
				PRODUCT_NAME = "$(TARGET_NAME)";
				SWIFT_VERSION = 5.0;
				TARGETED_DEVICE_FAMILY = "1,2";
			};
			name = Release;
		};
/* End XCBuildConfiguration section */

/* Begin XCConfigurationList section */
		C785A1EE272AC7F60061B719 /* Build configuration list for PBXProject "PulBackCashBack" */ = {
			isa = XCConfigurationList;
			buildConfigurations = (
				C785A205272AC7FB0061B719 /* Debug */,
				C785A206272AC7FB0061B719 /* Release */,
			);
			defaultConfigurationIsVisible = 0;
			defaultConfigurationName = Release;
		};
		C785A207272AC7FB0061B719 /* Build configuration list for PBXNativeTarget "PulBackCashBack" */ = {
			isa = XCConfigurationList;
			buildConfigurations = (
				C785A208272AC7FB0061B719 /* Debug */,
				C785A209272AC7FB0061B719 /* Release */,
			);
			defaultConfigurationIsVisible = 0;
			defaultConfigurationName = Release;
		};
/* End XCConfigurationList section */
	};
	rootObject = C785A1EB272AC7F60061B719 /* Project object */;
}
