// !$*UTF8*$!
{
	archiveVersion = 1;
	classes = {
	};
	objectVersion = 51;
	objects = {

/* Begin PBXBuildFile section */
		12AFCCD9BAF67994579D2546 /* Pods_PulBackCashBack.framework in Frameworks */ = {isa = PBXBuildFile; fileRef = F2206563A276C828035D9849 /* Pods_PulBackCashBack.framework */; };
		C7113932273D3551007B74EE /* Reachability.swift in Sources */ = {isa = PBXBuildFile; fileRef = C7113931273D3551007B74EE /* Reachability.swift */; };
		C7113939273D384D007B74EE /* loader.json in Resources */ = {isa = PBXBuildFile; fileRef = C7113938273D384D007B74EE /* loader.json */; };
		C711393B273D3860007B74EE /* done.json in Resources */ = {isa = PBXBuildFile; fileRef = C711393A273D3860007B74EE /* done.json */; };
		C721A7F72746A5CD00DD82A5 /* Assets.xcassets in Resources */ = {isa = PBXBuildFile; fileRef = C721A7F62746A5CD00DD82A5 /* Assets.xcassets */; };
		C73A1BC527342E78009E6D1D /* CustomMarkerInfoWindow.swift in Sources */ = {isa = PBXBuildFile; fileRef = C73A1BC327342E78009E6D1D /* CustomMarkerInfoWindow.swift */; };
		C73A1BC627342E78009E6D1D /* CustomMarkerView.swift in Sources */ = {isa = PBXBuildFile; fileRef = C73A1BC427342E78009E6D1D /* CustomMarkerView.swift */; };
		C753C4E52743D756004D3C18 /* Pays.swift in Sources */ = {isa = PBXBuildFile; fileRef = C753C4E42743D756004D3C18 /* Pays.swift */; };
		C753C4E82743DF28004D3C18 /* BonusesTableCell.swift in Sources */ = {isa = PBXBuildFile; fileRef = C753C4E62743DF28004D3C18 /* BonusesTableCell.swift */; };
		C753C4E92743DF28004D3C18 /* BonusesTableCell.xib in Resources */ = {isa = PBXBuildFile; fileRef = C753C4E72743DF28004D3C18 /* BonusesTableCell.xib */; };
		C753C4EC2743E0AC004D3C18 /* PurchasesTableCell.swift in Sources */ = {isa = PBXBuildFile; fileRef = C753C4EA2743E0AC004D3C18 /* PurchasesTableCell.swift */; };
		C753C4ED2743E0AC004D3C18 /* PurchasesTableCell.xib in Resources */ = {isa = PBXBuildFile; fileRef = C753C4EB2743E0AC004D3C18 /* PurchasesTableCell.xib */; };
		C753C4EF2743EBAD004D3C18 /* Branches.swift in Sources */ = {isa = PBXBuildFile; fileRef = C753C4EE2743EBAD004D3C18 /* Branches.swift */; };
		C753C4F22743FD74004D3C18 /* ReviewsCell.swift in Sources */ = {isa = PBXBuildFile; fileRef = C753C4F02743FD74004D3C18 /* ReviewsCell.swift */; };
		C753C4F32743FD74004D3C18 /* ReviewsCell.xib in Resources */ = {isa = PBXBuildFile; fileRef = C753C4F12743FD74004D3C18 /* ReviewsCell.xib */; };
		C757ECB32748DA5F008BE5E8 /* Scanner.swift in Sources */ = {isa = PBXBuildFile; fileRef = C757ECB22748DA5F008BE5E8 /* Scanner.swift */; };
		C757ECB52748F9A6008BE5E8 /* ItemGetByBarCode.swift in Sources */ = {isa = PBXBuildFile; fileRef = C757ECB42748F9A6008BE5E8 /* ItemGetByBarCode.swift */; };
		C766CB3527302F4700DB0E1A /* PinVC.swift in Sources */ = {isa = PBXBuildFile; fileRef = C766CB3327302F4700DB0E1A /* PinVC.swift */; };
		C766CB3627302F4700DB0E1A /* PinVC.xib in Resources */ = {isa = PBXBuildFile; fileRef = C766CB3427302F4700DB0E1A /* PinVC.xib */; };
		C766CB382730EAF900DB0E1A /* LocalAuthentication.framework in Frameworks */ = {isa = PBXBuildFile; fileRef = C766CB372730EAF900DB0E1A /* LocalAuthentication.framework */; };
		C772A75F27451C6A00B5F5BF /* AppColor.swift in Sources */ = {isa = PBXBuildFile; fileRef = C772A75E27451C6A00B5F5BF /* AppColor.swift */; };
		C772A7612745305400B5F5BF /* UserData.swift in Sources */ = {isa = PBXBuildFile; fileRef = C772A7602745305400B5F5BF /* UserData.swift */; };
		C77784B6273AA4D3002B1534 /* PurchasesCell.swift in Sources */ = {isa = PBXBuildFile; fileRef = C77784B4273AA4D3002B1534 /* PurchasesCell.swift */; };
		C77784B7273AA4D3002B1534 /* PurchasesCell.xib in Resources */ = {isa = PBXBuildFile; fileRef = C77784B5273AA4D3002B1534 /* PurchasesCell.xib */; };
		C778AD6A273D3AB500991C77 /* Net.swift in Sources */ = {isa = PBXBuildFile; fileRef = C778AD69273D3AB500991C77 /* Net.swift */; };
		C778AD6C273D3AF300991C77 /* API.swift in Sources */ = {isa = PBXBuildFile; fileRef = C778AD6B273D3AF300991C77 /* API.swift */; };
		C77F7BE1273165E7003B3FAE /* TabBarController.swift in Sources */ = {isa = PBXBuildFile; fileRef = C77F7BE0273165E7003B3FAE /* TabBarController.swift */; };
		C77F7BE427316628003B3FAE /* HomeVC.swift in Sources */ = {isa = PBXBuildFile; fileRef = C77F7BE227316628003B3FAE /* HomeVC.swift */; };
		C77F7BE527316628003B3FAE /* HomeVC.xib in Resources */ = {isa = PBXBuildFile; fileRef = C77F7BE327316628003B3FAE /* HomeVC.xib */; };
		C77F7BE827316650003B3FAE /* BranchesVC.swift in Sources */ = {isa = PBXBuildFile; fileRef = C77F7BE627316650003B3FAE /* BranchesVC.swift */; };
		C77F7BE927316650003B3FAE /* BranchesVC.xib in Resources */ = {isa = PBXBuildFile; fileRef = C77F7BE727316650003B3FAE /* BranchesVC.xib */; };
		C77F7BEC27316671003B3FAE /* QRCodeVC.swift in Sources */ = {isa = PBXBuildFile; fileRef = C77F7BEA27316671003B3FAE /* QRCodeVC.swift */; };
		C77F7BED27316671003B3FAE /* QRCodeVC.xib in Resources */ = {isa = PBXBuildFile; fileRef = C77F7BEB27316671003B3FAE /* QRCodeVC.xib */; };
		C77F7BF3273166DB003B3FAE /* MyProfileVC.swift in Sources */ = {isa = PBXBuildFile; fileRef = C77F7BF1273166DB003B3FAE /* MyProfileVC.swift */; };
		C77F7BF4273166DB003B3FAE /* MyProfileVC.xib in Resources */ = {isa = PBXBuildFile; fileRef = C77F7BF2273166DB003B3FAE /* MyProfileVC.xib */; };
		C77F7BFB27318B06003B3FAE /* BalanceCell.swift in Sources */ = {isa = PBXBuildFile; fileRef = C77F7BF927318B06003B3FAE /* BalanceCell.swift */; };
		C77F7BFC27318B06003B3FAE /* BalanceCell.xib in Resources */ = {isa = PBXBuildFile; fileRef = C77F7BFA27318B06003B3FAE /* BalanceCell.xib */; };
		C77F7C0127318C5A003B3FAE /* OpenBeetoCell.swift in Sources */ = {isa = PBXBuildFile; fileRef = C77F7BFF27318C5A003B3FAE /* OpenBeetoCell.swift */; };
		C77F7C0227318C5B003B3FAE /* OpenBeetoCell.xib in Resources */ = {isa = PBXBuildFile; fileRef = C77F7C0027318C5A003B3FAE /* OpenBeetoCell.xib */; };
		C782EF3527465ABE00565EFD /* DoneAlert.swift in Sources */ = {isa = PBXBuildFile; fileRef = C782EF3427465ABE00565EFD /* DoneAlert.swift */; };
		C785A1F7272AC7F60061B719 /* AppDelegate.swift in Sources */ = {isa = PBXBuildFile; fileRef = C785A1F6272AC7F60061B719 /* AppDelegate.swift */; };
		C785A203272AC7FB0061B719 /* LaunchScreen.storyboard in Resources */ = {isa = PBXBuildFile; fileRef = C785A201272AC7FB0061B719 /* LaunchScreen.storyboard */; };
		C785A20F272AC8860061B719 /* MainVC.swift in Sources */ = {isa = PBXBuildFile; fileRef = C785A20D272AC8860061B719 /* MainVC.swift */; };
		C785A210272AC8860061B719 /* MainVC.xib in Resources */ = {isa = PBXBuildFile; fileRef = C785A20E272AC8860061B719 /* MainVC.xib */; };
		C785A213272ACB9E0061B719 /* LoginVC.swift in Sources */ = {isa = PBXBuildFile; fileRef = C785A211272ACB9E0061B719 /* LoginVC.swift */; };
		C785A214272ACB9E0061B719 /* LoginVC.xib in Resources */ = {isa = PBXBuildFile; fileRef = C785A212272ACB9E0061B719 /* LoginVC.xib */; };
		C785A216272ACCBE0061B719 /* CustomTF.swift in Sources */ = {isa = PBXBuildFile; fileRef = C785A215272ACCBE0061B719 /* CustomTF.swift */; };
		C785A219272ACCE20061B719 /* Extension.swift in Sources */ = {isa = PBXBuildFile; fileRef = C785A218272ACCE20061B719 /* Extension.swift */; };
		C78F2C3B273E1EE600EF6AF3 /* GetBannerNews.swift in Sources */ = {isa = PBXBuildFile; fileRef = C78F2C3A273E1EE500EF6AF3 /* GetBannerNews.swift */; };
		C7B1063C27369FDF004A0CD5 /* ProductsVC.swift in Sources */ = {isa = PBXBuildFile; fileRef = C7B1063A27369FDF004A0CD5 /* ProductsVC.swift */; };
		C7B1063D27369FDF004A0CD5 /* ProductsVC.xib in Resources */ = {isa = PBXBuildFile; fileRef = C7B1063B27369FDF004A0CD5 /* ProductsVC.xib */; };
		C7CCBFB1273AF18100A8D5ED /* CarouselData.swift in Sources */ = {isa = PBXBuildFile; fileRef = C7CCBFB0273AF18100A8D5ED /* CarouselData.swift */; };
		C7D0C2632732C92B00AE06CB /* BonusesCell.swift in Sources */ = {isa = PBXBuildFile; fileRef = C7D0C2612732C92B00AE06CB /* BonusesCell.swift */; };
		C7D0C2642732C92B00AE06CB /* BonusesCell.xib in Resources */ = {isa = PBXBuildFile; fileRef = C7D0C2622732C92B00AE06CB /* BonusesCell.xib */; };
		C7E08A5F273A313A00C15A74 /* NewsTappedVC.swift in Sources */ = {isa = PBXBuildFile; fileRef = C7E08A5D273A313A00C15A74 /* NewsTappedVC.swift */; };
		C7E08A60273A313A00C15A74 /* NewsTappedVC.xib in Resources */ = {isa = PBXBuildFile; fileRef = C7E08A5E273A313A00C15A74 /* NewsTappedVC.xib */; };
		C7E0B43A272F9A2B00FE4F78 /* ConfirmationVC.swift in Sources */ = {isa = PBXBuildFile; fileRef = C7E0B438272F9A2B00FE4F78 /* ConfirmationVC.swift */; };
		C7E0B43B272F9A2B00FE4F78 /* ConfirmationVC.xib in Resources */ = {isa = PBXBuildFile; fileRef = C7E0B439272F9A2B00FE4F78 /* ConfirmationVC.xib */; };
		C7E0B43E272F9E4900FE4F78 /* Keys.swift in Sources */ = {isa = PBXBuildFile; fileRef = C7E0B43D272F9E4900FE4F78 /* Keys.swift */; };
		C7E0B440272F9ED000FE4F78 /* Cache.swift in Sources */ = {isa = PBXBuildFile; fileRef = C7E0B43F272F9ED000FE4F78 /* Cache.swift */; };
		C7E0B442272FA0E900FE4F78 /* Alert.swift in Sources */ = {isa = PBXBuildFile; fileRef = C7E0B441272FA0E900FE4F78 /* Alert.swift */; };
		C7E0B444272FA0F100FE4F78 /* Loader.swift in Sources */ = {isa = PBXBuildFile; fileRef = C7E0B443272FA0F100FE4F78 /* Loader.swift */; };
		C7E0B4472730180F00FE4F78 /* ProfileVC.swift in Sources */ = {isa = PBXBuildFile; fileRef = C7E0B4452730180F00FE4F78 /* ProfileVC.swift */; };
		C7E0B4482730180F00FE4F78 /* ProfileVC.xib in Resources */ = {isa = PBXBuildFile; fileRef = C7E0B4462730180F00FE4F78 /* ProfileVC.xib */; };
		C7FC64D72736B02900A80D4B /* ProductsCell.swift in Sources */ = {isa = PBXBuildFile; fileRef = C7FC64D52736B02900A80D4B /* ProductsCell.swift */; };
		C7FC64D82736B02900A80D4B /* ProductsCell.xib in Resources */ = {isa = PBXBuildFile; fileRef = C7FC64D62736B02900A80D4B /* ProductsCell.xib */; };
		C7FC64DC2736D13C00A80D4B /* HomeCell.swift in Sources */ = {isa = PBXBuildFile; fileRef = C7FC64DA2736D13C00A80D4B /* HomeCell.swift */; };
		C7FC64DD2736D13C00A80D4B /* HomeCell.xib in Resources */ = {isa = PBXBuildFile; fileRef = C7FC64DB2736D13C00A80D4B /* HomeCell.xib */; };
		C7FE1F292733EC61004337ED /* Settings.swift in Sources */ = {isa = PBXBuildFile; fileRef = C7FE1F272733EC61004337ED /* Settings.swift */; };
		C7FE1F2A2733EC61004337ED /* Settings.xib in Resources */ = {isa = PBXBuildFile; fileRef = C7FE1F282733EC61004337ED /* Settings.xib */; };
		C7FE1F2F2733ECEB004337ED /* SettingsCell.swift in Sources */ = {isa = PBXBuildFile; fileRef = C7FE1F2D2733ECEB004337ED /* SettingsCell.swift */; };
		C7FE1F302733ECEB004337ED /* SettingsCell.xib in Resources */ = {isa = PBXBuildFile; fileRef = C7FE1F2E2733ECEB004337ED /* SettingsCell.xib */; };
		C7FE1F332733F320004337ED /* ProfileCell.swift in Sources */ = {isa = PBXBuildFile; fileRef = C7FE1F312733F320004337ED /* ProfileCell.swift */; };
		C7FE1F342733F320004337ED /* ProfileCell.xib in Resources */ = {isa = PBXBuildFile; fileRef = C7FE1F322733F320004337ED /* ProfileCell.xib */; };
		C7FE1F3827340771004337ED /* ReviewsVC.swift in Sources */ = {isa = PBXBuildFile; fileRef = C7FE1F3627340771004337ED /* ReviewsVC.swift */; };
		C7FE1F3927340771004337ED /* ReviewsVC.xib in Resources */ = {isa = PBXBuildFile; fileRef = C7FE1F3727340771004337ED /* ReviewsVC.xib */; };
		C7FE1F3C273412C7004337ED /* NewsVC.swift in Sources */ = {isa = PBXBuildFile; fileRef = C7FE1F3A273412C7004337ED /* NewsVC.swift */; };
		C7FE1F3D273412C7004337ED /* NewsVC.xib in Resources */ = {isa = PBXBuildFile; fileRef = C7FE1F3B273412C7004337ED /* NewsVC.xib */; };
/* End PBXBuildFile section */

/* Begin PBXFileReference section */
		A600C0B15AB01F0918FF37AF /* Pods-PulBackCashBack.debug.xcconfig */ = {isa = PBXFileReference; includeInIndex = 1; lastKnownFileType = text.xcconfig; name = "Pods-PulBackCashBack.debug.xcconfig"; path = "Target Support Files/Pods-PulBackCashBack/Pods-PulBackCashBack.debug.xcconfig"; sourceTree = "<group>"; };
		A6194DD12C370CC913863650 /* Pods-PulBackCashBack.release.xcconfig */ = {isa = PBXFileReference; includeInIndex = 1; lastKnownFileType = text.xcconfig; name = "Pods-PulBackCashBack.release.xcconfig"; path = "Target Support Files/Pods-PulBackCashBack/Pods-PulBackCashBack.release.xcconfig"; sourceTree = "<group>"; };
		C7113931273D3551007B74EE /* Reachability.swift */ = {isa = PBXFileReference; fileEncoding = 4; lastKnownFileType = sourcecode.swift; name = Reachability.swift; path = ../../../Bananjon/Bananjon/Networking/Reachability.swift; sourceTree = "<group>"; };
		C7113938273D384D007B74EE /* loader.json */ = {isa = PBXFileReference; fileEncoding = 4; lastKnownFileType = text.json; name = loader.json; path = "../../../Bananjon/Bananjon/Lottie Files/loader.json"; sourceTree = "<group>"; };
		C711393A273D3860007B74EE /* done.json */ = {isa = PBXFileReference; fileEncoding = 4; lastKnownFileType = text.json; name = done.json; path = "../../../Bananjon/Bananjon/Lottie Files/done.json"; sourceTree = "<group>"; };
		C721A7F62746A5CD00DD82A5 /* Assets.xcassets */ = {isa = PBXFileReference; lastKnownFileType = folder.assetcatalog; name = Assets.xcassets; path = "../../../../../Downloads/PulBackCashBack-main 2/PulBackCashBack/Supporting Files/Assets.xcassets"; sourceTree = "<group>"; };
		C73A1BC327342E78009E6D1D /* CustomMarkerInfoWindow.swift */ = {isa = PBXFileReference; fileEncoding = 4; lastKnownFileType = sourcecode.swift; name = CustomMarkerInfoWindow.swift; path = "../../../../../Downloads/CustomMarker-master/CustomMarker/CustomMarkerInfoWindow.swift"; sourceTree = "<group>"; };
		C73A1BC427342E78009E6D1D /* CustomMarkerView.swift */ = {isa = PBXFileReference; fileEncoding = 4; lastKnownFileType = sourcecode.swift; name = CustomMarkerView.swift; path = "../../../../../Downloads/CustomMarker-master/CustomMarker/CustomMarkerView.swift"; sourceTree = "<group>"; };
		C753C4E42743D756004D3C18 /* Pays.swift */ = {isa = PBXFileReference; lastKnownFileType = sourcecode.swift; path = Pays.swift; sourceTree = "<group>"; };
		C753C4E62743DF28004D3C18 /* BonusesTableCell.swift */ = {isa = PBXFileReference; lastKnownFileType = sourcecode.swift; path = BonusesTableCell.swift; sourceTree = "<group>"; };
		C753C4E72743DF28004D3C18 /* BonusesTableCell.xib */ = {isa = PBXFileReference; lastKnownFileType = file.xib; path = BonusesTableCell.xib; sourceTree = "<group>"; };
		C753C4EA2743E0AC004D3C18 /* PurchasesTableCell.swift */ = {isa = PBXFileReference; lastKnownFileType = sourcecode.swift; path = PurchasesTableCell.swift; sourceTree = "<group>"; };
		C753C4EB2743E0AC004D3C18 /* PurchasesTableCell.xib */ = {isa = PBXFileReference; lastKnownFileType = file.xib; path = PurchasesTableCell.xib; sourceTree = "<group>"; };
		C753C4EE2743EBAD004D3C18 /* Branches.swift */ = {isa = PBXFileReference; lastKnownFileType = sourcecode.swift; path = Branches.swift; sourceTree = "<group>"; };
		C753C4F02743FD74004D3C18 /* ReviewsCell.swift */ = {isa = PBXFileReference; lastKnownFileType = sourcecode.swift; path = ReviewsCell.swift; sourceTree = "<group>"; };
		C753C4F12743FD74004D3C18 /* ReviewsCell.xib */ = {isa = PBXFileReference; lastKnownFileType = file.xib; path = ReviewsCell.xib; sourceTree = "<group>"; };
		C757ECB22748DA5F008BE5E8 /* Scanner.swift */ = {isa = PBXFileReference; lastKnownFileType = sourcecode.swift; path = Scanner.swift; sourceTree = "<group>"; };
		C757ECB42748F9A6008BE5E8 /* ItemGetByBarCode.swift */ = {isa = PBXFileReference; lastKnownFileType = sourcecode.swift; path = ItemGetByBarCode.swift; sourceTree = "<group>"; };
		C766CB3327302F4700DB0E1A /* PinVC.swift */ = {isa = PBXFileReference; lastKnownFileType = sourcecode.swift; path = PinVC.swift; sourceTree = "<group>"; };
		C766CB3427302F4700DB0E1A /* PinVC.xib */ = {isa = PBXFileReference; lastKnownFileType = file.xib; path = PinVC.xib; sourceTree = "<group>"; };
		C766CB372730EAF900DB0E1A /* LocalAuthentication.framework */ = {isa = PBXFileReference; lastKnownFileType = wrapper.framework; name = LocalAuthentication.framework; path = System/Library/Frameworks/LocalAuthentication.framework; sourceTree = SDKROOT; };
		C772A75E27451C6A00B5F5BF /* AppColor.swift */ = {isa = PBXFileReference; lastKnownFileType = sourcecode.swift; path = AppColor.swift; sourceTree = "<group>"; };
		C772A7602745305400B5F5BF /* UserData.swift */ = {isa = PBXFileReference; lastKnownFileType = sourcecode.swift; path = UserData.swift; sourceTree = "<group>"; };
		C77784B4273AA4D3002B1534 /* PurchasesCell.swift */ = {isa = PBXFileReference; lastKnownFileType = sourcecode.swift; path = PurchasesCell.swift; sourceTree = "<group>"; };
		C77784B5273AA4D3002B1534 /* PurchasesCell.xib */ = {isa = PBXFileReference; lastKnownFileType = file.xib; path = PurchasesCell.xib; sourceTree = "<group>"; };
		C778AD69273D3AB500991C77 /* Net.swift */ = {isa = PBXFileReference; fileEncoding = 4; lastKnownFileType = sourcecode.swift; name = Net.swift; path = "../../../Last version of PulBack/PulBack/PulBack/Net/Net.swift"; sourceTree = "<group>"; };
		C778AD6B273D3AF300991C77 /* API.swift */ = {isa = PBXFileReference; lastKnownFileType = sourcecode.swift; path = API.swift; sourceTree = "<group>"; };
		C77F7BE0273165E7003B3FAE /* TabBarController.swift */ = {isa = PBXFileReference; lastKnownFileType = sourcecode.swift; path = TabBarController.swift; sourceTree = "<group>"; };
		C77F7BE227316628003B3FAE /* HomeVC.swift */ = {isa = PBXFileReference; lastKnownFileType = sourcecode.swift; path = HomeVC.swift; sourceTree = "<group>"; };
		C77F7BE327316628003B3FAE /* HomeVC.xib */ = {isa = PBXFileReference; lastKnownFileType = file.xib; path = HomeVC.xib; sourceTree = "<group>"; };
		C77F7BE627316650003B3FAE /* BranchesVC.swift */ = {isa = PBXFileReference; lastKnownFileType = sourcecode.swift; path = BranchesVC.swift; sourceTree = "<group>"; };
		C77F7BE727316650003B3FAE /* BranchesVC.xib */ = {isa = PBXFileReference; lastKnownFileType = file.xib; path = BranchesVC.xib; sourceTree = "<group>"; };
		C77F7BEA27316671003B3FAE /* QRCodeVC.swift */ = {isa = PBXFileReference; lastKnownFileType = sourcecode.swift; name = QRCodeVC.swift; path = "../New Group/QRCodeVC.swift"; sourceTree = "<group>"; };
		C77F7BEB27316671003B3FAE /* QRCodeVC.xib */ = {isa = PBXFileReference; lastKnownFileType = file.xib; path = QRCodeVC.xib; sourceTree = "<group>"; };
		C77F7BF1273166DB003B3FAE /* MyProfileVC.swift */ = {isa = PBXFileReference; lastKnownFileType = sourcecode.swift; path = MyProfileVC.swift; sourceTree = "<group>"; };
		C77F7BF2273166DB003B3FAE /* MyProfileVC.xib */ = {isa = PBXFileReference; lastKnownFileType = file.xib; path = MyProfileVC.xib; sourceTree = "<group>"; };
		C77F7BF927318B06003B3FAE /* BalanceCell.swift */ = {isa = PBXFileReference; lastKnownFileType = sourcecode.swift; path = BalanceCell.swift; sourceTree = "<group>"; };
		C77F7BFA27318B06003B3FAE /* BalanceCell.xib */ = {isa = PBXFileReference; lastKnownFileType = file.xib; path = BalanceCell.xib; sourceTree = "<group>"; };
		C77F7BFF27318C5A003B3FAE /* OpenBeetoCell.swift */ = {isa = PBXFileReference; lastKnownFileType = sourcecode.swift; path = OpenBeetoCell.swift; sourceTree = "<group>"; };
		C77F7C0027318C5A003B3FAE /* OpenBeetoCell.xib */ = {isa = PBXFileReference; lastKnownFileType = file.xib; path = OpenBeetoCell.xib; sourceTree = "<group>"; };
		C782EF3427465ABE00565EFD /* DoneAlert.swift */ = {isa = PBXFileReference; fileEncoding = 4; lastKnownFileType = sourcecode.swift; name = DoneAlert.swift; path = "../../../Bananjon/Bananjon/Custom Views/DoneAlert.swift"; sourceTree = "<group>"; };
		C785A1F3272AC7F60061B719 /* PulBackCashBack.app */ = {isa = PBXFileReference; explicitFileType = wrapper.application; includeInIndex = 0; path = PulBackCashBack.app; sourceTree = BUILT_PRODUCTS_DIR; };
		C785A1F6272AC7F60061B719 /* AppDelegate.swift */ = {isa = PBXFileReference; lastKnownFileType = sourcecode.swift; name = AppDelegate.swift; path = "../New Group/AppDelegate.swift"; sourceTree = "<group>"; };
		C785A202272AC7FB0061B719 /* Base */ = {isa = PBXFileReference; lastKnownFileType = file.storyboard; name = Base; path = Base.lproj/LaunchScreen.storyboard; sourceTree = "<group>"; };
		C785A204272AC7FB0061B719 /* Info.plist */ = {isa = PBXFileReference; lastKnownFileType = text.plist.xml; path = Info.plist; sourceTree = "<group>"; };
		C785A20D272AC8860061B719 /* MainVC.swift */ = {isa = PBXFileReference; lastKnownFileType = sourcecode.swift; path = MainVC.swift; sourceTree = "<group>"; };
		C785A20E272AC8860061B719 /* MainVC.xib */ = {isa = PBXFileReference; lastKnownFileType = file.xib; path = MainVC.xib; sourceTree = "<group>"; };
		C785A211272ACB9E0061B719 /* LoginVC.swift */ = {isa = PBXFileReference; lastKnownFileType = sourcecode.swift; path = LoginVC.swift; sourceTree = "<group>"; };
		C785A212272ACB9E0061B719 /* LoginVC.xib */ = {isa = PBXFileReference; lastKnownFileType = file.xib; path = LoginVC.xib; sourceTree = "<group>"; };
		C785A215272ACCBE0061B719 /* CustomTF.swift */ = {isa = PBXFileReference; fileEncoding = 4; lastKnownFileType = sourcecode.swift; path = CustomTF.swift; sourceTree = "<group>"; };
		C785A218272ACCE20061B719 /* Extension.swift */ = {isa = PBXFileReference; fileEncoding = 4; lastKnownFileType = sourcecode.swift; path = Extension.swift; sourceTree = "<group>"; };
		C78F2C3A273E1EE500EF6AF3 /* GetBannerNews.swift */ = {isa = PBXFileReference; lastKnownFileType = sourcecode.swift; path = GetBannerNews.swift; sourceTree = "<group>"; };
		C7B1063A27369FDF004A0CD5 /* ProductsVC.swift */ = {isa = PBXFileReference; lastKnownFileType = sourcecode.swift; path = ProductsVC.swift; sourceTree = "<group>"; };
		C7B1063B27369FDF004A0CD5 /* ProductsVC.xib */ = {isa = PBXFileReference; lastKnownFileType = file.xib; path = ProductsVC.xib; sourceTree = "<group>"; };
		C7CCBFB0273AF18100A8D5ED /* CarouselData.swift */ = {isa = PBXFileReference; lastKnownFileType = sourcecode.swift; path = CarouselData.swift; sourceTree = "<group>"; };
		C7D0C2612732C92B00AE06CB /* BonusesCell.swift */ = {isa = PBXFileReference; lastKnownFileType = sourcecode.swift; path = BonusesCell.swift; sourceTree = "<group>"; };
		C7D0C2622732C92B00AE06CB /* BonusesCell.xib */ = {isa = PBXFileReference; lastKnownFileType = file.xib; path = BonusesCell.xib; sourceTree = "<group>"; };
		C7E08A5D273A313A00C15A74 /* NewsTappedVC.swift */ = {isa = PBXFileReference; lastKnownFileType = sourcecode.swift; path = NewsTappedVC.swift; sourceTree = "<group>"; };
		C7E08A5E273A313A00C15A74 /* NewsTappedVC.xib */ = {isa = PBXFileReference; lastKnownFileType = file.xib; path = NewsTappedVC.xib; sourceTree = "<group>"; };
		C7E0B438272F9A2B00FE4F78 /* ConfirmationVC.swift */ = {isa = PBXFileReference; lastKnownFileType = sourcecode.swift; path = ConfirmationVC.swift; sourceTree = "<group>"; };
		C7E0B439272F9A2B00FE4F78 /* ConfirmationVC.xib */ = {isa = PBXFileReference; lastKnownFileType = file.xib; path = ConfirmationVC.xib; sourceTree = "<group>"; };
		C7E0B43D272F9E4900FE4F78 /* Keys.swift */ = {isa = PBXFileReference; lastKnownFileType = sourcecode.swift; path = Keys.swift; sourceTree = "<group>"; };
		C7E0B43F272F9ED000FE4F78 /* Cache.swift */ = {isa = PBXFileReference; lastKnownFileType = sourcecode.swift; path = Cache.swift; sourceTree = "<group>"; };
		C7E0B441272FA0E900FE4F78 /* Alert.swift */ = {isa = PBXFileReference; fileEncoding = 4; lastKnownFileType = sourcecode.swift; path = Alert.swift; sourceTree = "<group>"; };
		C7E0B443272FA0F100FE4F78 /* Loader.swift */ = {isa = PBXFileReference; fileEncoding = 4; lastKnownFileType = sourcecode.swift; path = Loader.swift; sourceTree = "<group>"; };
		C7E0B4452730180F00FE4F78 /* ProfileVC.swift */ = {isa = PBXFileReference; lastKnownFileType = sourcecode.swift; path = ProfileVC.swift; sourceTree = "<group>"; };
		C7E0B4462730180F00FE4F78 /* ProfileVC.xib */ = {isa = PBXFileReference; lastKnownFileType = file.xib; path = ProfileVC.xib; sourceTree = "<group>"; };
		C7FC64D52736B02900A80D4B /* ProductsCell.swift */ = {isa = PBXFileReference; lastKnownFileType = sourcecode.swift; path = ProductsCell.swift; sourceTree = "<group>"; };
		C7FC64D62736B02900A80D4B /* ProductsCell.xib */ = {isa = PBXFileReference; lastKnownFileType = file.xib; path = ProductsCell.xib; sourceTree = "<group>"; };
		C7FC64DA2736D13C00A80D4B /* HomeCell.swift */ = {isa = PBXFileReference; lastKnownFileType = sourcecode.swift; path = HomeCell.swift; sourceTree = "<group>"; };
		C7FC64DB2736D13C00A80D4B /* HomeCell.xib */ = {isa = PBXFileReference; lastKnownFileType = file.xib; path = HomeCell.xib; sourceTree = "<group>"; };
		C7FE1F272733EC61004337ED /* Settings.swift */ = {isa = PBXFileReference; lastKnownFileType = sourcecode.swift; path = Settings.swift; sourceTree = "<group>"; };
		C7FE1F282733EC61004337ED /* Settings.xib */ = {isa = PBXFileReference; lastKnownFileType = file.xib; path = Settings.xib; sourceTree = "<group>"; };
		C7FE1F2D2733ECEB004337ED /* SettingsCell.swift */ = {isa = PBXFileReference; lastKnownFileType = sourcecode.swift; path = SettingsCell.swift; sourceTree = "<group>"; };
		C7FE1F2E2733ECEB004337ED /* SettingsCell.xib */ = {isa = PBXFileReference; lastKnownFileType = file.xib; path = SettingsCell.xib; sourceTree = "<group>"; };
		C7FE1F312733F320004337ED /* ProfileCell.swift */ = {isa = PBXFileReference; lastKnownFileType = sourcecode.swift; path = ProfileCell.swift; sourceTree = "<group>"; };
		C7FE1F322733F320004337ED /* ProfileCell.xib */ = {isa = PBXFileReference; lastKnownFileType = file.xib; path = ProfileCell.xib; sourceTree = "<group>"; };
		C7FE1F3627340771004337ED /* ReviewsVC.swift */ = {isa = PBXFileReference; lastKnownFileType = sourcecode.swift; path = ReviewsVC.swift; sourceTree = "<group>"; };
		C7FE1F3727340771004337ED /* ReviewsVC.xib */ = {isa = PBXFileReference; lastKnownFileType = file.xib; path = ReviewsVC.xib; sourceTree = "<group>"; };
		C7FE1F3A273412C7004337ED /* NewsVC.swift */ = {isa = PBXFileReference; lastKnownFileType = sourcecode.swift; path = NewsVC.swift; sourceTree = "<group>"; };
		C7FE1F3B273412C7004337ED /* NewsVC.xib */ = {isa = PBXFileReference; lastKnownFileType = file.xib; name = NewsVC.xib; path = "../New Group/NewsVC.xib"; sourceTree = "<group>"; };
		F2206563A276C828035D9849 /* Pods_PulBackCashBack.framework */ = {isa = PBXFileReference; explicitFileType = wrapper.framework; includeInIndex = 0; path = Pods_PulBackCashBack.framework; sourceTree = BUILT_PRODUCTS_DIR; };
/* End PBXFileReference section */

/* Begin PBXFrameworksBuildPhase section */
		C785A1F0272AC7F60061B719 /* Frameworks */ = {
			isa = PBXFrameworksBuildPhase;
			buildActionMask = 2147483647;
			files = (
				C766CB382730EAF900DB0E1A /* LocalAuthentication.framework in Frameworks */,
				12AFCCD9BAF67994579D2546 /* Pods_PulBackCashBack.framework in Frameworks */,
			);
			runOnlyForDeploymentPostprocessing = 0;
		};
/* End PBXFrameworksBuildPhase section */

/* Begin PBXGroup section */
		B7D1881E4B59B5EAF7BC2C4C /* Frameworks */ = {
			isa = PBXGroup;
			children = (
				C766CB372730EAF900DB0E1A /* LocalAuthentication.framework */,
				F2206563A276C828035D9849 /* Pods_PulBackCashBack.framework */,
			);
			name = Frameworks;
			sourceTree = "<group>";
		};
		C7113930273D3543007B74EE /* Networking */ = {
			isa = PBXGroup;
			children = (
				C7113931273D3551007B74EE /* Reachability.swift */,
				C778AD69273D3AB500991C77 /* Net.swift */,
				C778AD6B273D3AF300991C77 /* API.swift */,
			);
			path = Networking;
			sourceTree = "<group>";
		};
		C7113937273D3841007B74EE /* Lottie Files */ = {
			isa = PBXGroup;
			children = (
				C7113938273D384D007B74EE /* loader.json */,
				C711393A273D3860007B74EE /* done.json */,
			);
			path = "Lottie Files";
			sourceTree = "<group>";
		};
		C7732245273FEECE008ACA82 /* New Group */ = {
			isa = PBXGroup;
			children = (
			);
			path = "New Group";
			sourceTree = "<group>";
		};
		C77F7BF5273166E8003B3FAE /* TabBarController */ = {
			isa = PBXGroup;
			children = (
				C77F7BE0273165E7003B3FAE /* TabBarController.swift */,
				C7E08A61273A315300C15A74 /* News */,
				C7FE1F2B2733EC6A004337ED /* Profile */,
				C7B1063927369F08004A0CD5 /* Scanner */,
				C77F7BE227316628003B3FAE /* HomeVC.swift */,
				C77F7BE627316650003B3FAE /* BranchesVC.swift */,
			);
			path = TabBarController;
			sourceTree = "<group>";
		};
		C77F7BF6273166F9003B3FAE /* TabBarController */ = {
			isa = PBXGroup;
			children = (
				C7E08A5C273A311500C15A74 /* News */,
				C7B1063E27369FED004A0CD5 /* Scanner */,
				C7FE1F2C2733EC79004337ED /* Profile */,
				C77F7BE327316628003B3FAE /* HomeVC.xib */,
				C77F7BE727316650003B3FAE /* BranchesVC.xib */,
			);
			path = TabBarController;
			sourceTree = "<group>";
		};
		C77F7BF727317862003B3FAE /* Verification */ = {
			isa = PBXGroup;
			children = (
				C785A20E272AC8860061B719 /* MainVC.xib */,
				C785A212272ACB9E0061B719 /* LoginVC.xib */,
				C7E0B439272F9A2B00FE4F78 /* ConfirmationVC.xib */,
				C7E0B4462730180F00FE4F78 /* ProfileVC.xib */,
				C7732245273FEECE008ACA82 /* New Group */,
			);
			path = Verification;
			sourceTree = "<group>";
		};
		C77F7BF827318AE0003B3FAE /* TableView Cell */ = {
			isa = PBXGroup;
			children = (
				C77F7BFA27318B06003B3FAE /* BalanceCell.xib */,
				C77F7C0027318C5A003B3FAE /* OpenBeetoCell.xib */,
				C7D0C2622732C92B00AE06CB /* BonusesCell.xib */,
				C7FE1F2E2733ECEB004337ED /* SettingsCell.xib */,
				C7FE1F322733F320004337ED /* ProfileCell.xib */,
				C753C4E72743DF28004D3C18 /* BonusesTableCell.xib */,
				C753C4EB2743E0AC004D3C18 /* PurchasesTableCell.xib */,
				C753C4F12743FD74004D3C18 /* ReviewsCell.xib */,
			);
			path = "TableView Cell";
			sourceTree = "<group>";
		};
		C77F7BFD27318B21003B3FAE /* Verification */ = {
			isa = PBXGroup;
			children = (
				C785A20D272AC8860061B719 /* MainVC.swift */,
				C785A211272ACB9E0061B719 /* LoginVC.swift */,
				C7E0B438272F9A2B00FE4F78 /* ConfirmationVC.swift */,
				C7E0B4452730180F00FE4F78 /* ProfileVC.swift */,
			);
			path = Verification;
			sourceTree = "<group>";
		};
		C77F7BFE27318B4A003B3FAE /* TableViewCell */ = {
			isa = PBXGroup;
			children = (
				C77F7BF927318B06003B3FAE /* BalanceCell.swift */,
				C77F7BFF27318C5A003B3FAE /* OpenBeetoCell.swift */,
				C7D0C2612732C92B00AE06CB /* BonusesCell.swift */,
				C7FE1F2D2733ECEB004337ED /* SettingsCell.swift */,
				C7FE1F312733F320004337ED /* ProfileCell.swift */,
				C753C4E62743DF28004D3C18 /* BonusesTableCell.swift */,
				C753C4EA2743E0AC004D3C18 /* PurchasesTableCell.swift */,
				C753C4F02743FD74004D3C18 /* ReviewsCell.swift */,
			);
			path = TableViewCell;
			sourceTree = "<group>";
		};
		C785A1EA272AC7F60061B719 = {
			isa = PBXGroup;
			children = (
				C785A1F5272AC7F60061B719 /* PulBackCashBack */,
				C785A1F4272AC7F60061B719 /* Products */,
				C957522BD813CC70E9ADA121 /* Pods */,
				B7D1881E4B59B5EAF7BC2C4C /* Frameworks */,
			);
			sourceTree = "<group>";
		};
		C785A1F4272AC7F60061B719 /* Products */ = {
			isa = PBXGroup;
			children = (
				C785A1F3272AC7F60061B719 /* PulBackCashBack.app */,
			);
			name = Products;
			sourceTree = "<group>";
		};
		C785A1F5272AC7F60061B719 /* PulBackCashBack */ = {
			isa = PBXGroup;
			children = (
				C7B025BF27469C45009AA4C9 /* Main */,
				C7113930273D3543007B74EE /* Networking */,
				C785A20A272AC8260061B719 /* Model */,
				C7E0B43C272F9E3800FE4F78 /* Helpers */,
				C7113937273D3841007B74EE /* Lottie Files */,
				C785A217272ACCC50061B719 /* CustomViews */,
				C785A20C272AC8300061B719 /* Controller */,
				C785A20B272AC82C0061B719 /* View */,
				C7FE1F352733FB85004337ED /* Supporting Files */,
				C7B025C027469C58009AA4C9 /* Resources */,
			);
			path = PulBackCashBack;
			sourceTree = "<group>";
		};
		C785A20A272AC8260061B719 /* Model */ = {
			isa = PBXGroup;
			children = (
				C7CCBFB0273AF18100A8D5ED /* CarouselData.swift */,
				C78F2C3A273E1EE500EF6AF3 /* GetBannerNews.swift */,
				C753C4E42743D756004D3C18 /* Pays.swift */,
				C753C4EE2743EBAD004D3C18 /* Branches.swift */,
				C772A7602745305400B5F5BF /* UserData.swift */,
				C757ECB42748F9A6008BE5E8 /* ItemGetByBarCode.swift */,
			);
			path = Model;
			sourceTree = "<group>";
		};
		C785A20B272AC82C0061B719 /* View */ = {
			isa = PBXGroup;
			children = (
				C7FE1F43273413A4004337ED /* CollectionViewCell */,
				C77F7BF827318AE0003B3FAE /* TableView Cell */,
				C77F7BF727317862003B3FAE /* Verification */,
				C77F7BF6273166F9003B3FAE /* TabBarController */,
				C766CB3427302F4700DB0E1A /* PinVC.xib */,
			);
			path = View;
			sourceTree = "<group>";
		};
		C785A20C272AC8300061B719 /* Controller */ = {
			isa = PBXGroup;
			children = (
				C7FE1F3E27341380004337ED /* CollectionViewCell */,
				C77F7BFE27318B4A003B3FAE /* TableViewCell */,
				C77F7BFD27318B21003B3FAE /* Verification */,
				C77F7BF5273166E8003B3FAE /* TabBarController */,
				C766CB3327302F4700DB0E1A /* PinVC.swift */,
				C757ECB22748DA5F008BE5E8 /* Scanner.swift */,
			);
			path = Controller;
			sourceTree = "<group>";
		};
		C785A217272ACCC50061B719 /* CustomViews */ = {
			isa = PBXGroup;
			children = (
				C7E0B443272FA0F100FE4F78 /* Loader.swift */,
				C7E0B441272FA0E900FE4F78 /* Alert.swift */,
				C785A215272ACCBE0061B719 /* CustomTF.swift */,
				C73A1BC327342E78009E6D1D /* CustomMarkerInfoWindow.swift */,
				C73A1BC427342E78009E6D1D /* CustomMarkerView.swift */,
				C782EF3427465ABE00565EFD /* DoneAlert.swift */,
			);
			path = CustomViews;
			sourceTree = "<group>";
		};
		C7B025BF27469C45009AA4C9 /* Main */ = {
			isa = PBXGroup;
			children = (
				C785A1F6272AC7F60061B719 /* AppDelegate.swift */,
			);
			path = Main;
			sourceTree = "<group>";
		};
		C7B025C027469C58009AA4C9 /* Resources */ = {
			isa = PBXGroup;
			children = (
				C721A7F62746A5CD00DD82A5 /* Assets.xcassets */,
				C785A201272AC7FB0061B719 /* LaunchScreen.storyboard */,
			);
			path = Resources;
			sourceTree = "<group>";
		};
		C7B1063927369F08004A0CD5 /* Scanner */ = {
			isa = PBXGroup;
			children = (
				C77F7BEA27316671003B3FAE /* QRCodeVC.swift */,
				C7B1063A27369FDF004A0CD5 /* ProductsVC.swift */,
			);
			path = Scanner;
			sourceTree = "<group>";
		};
		C7B1063E27369FED004A0CD5 /* Scanner */ = {
			isa = PBXGroup;
			children = (
				C77F7BEB27316671003B3FAE /* QRCodeVC.xib */,
				C7B1063B27369FDF004A0CD5 /* ProductsVC.xib */,
			);
			path = Scanner;
			sourceTree = "<group>";
		};
		C7E08A5C273A311500C15A74 /* News */ = {
			isa = PBXGroup;
			children = (
				C7FE1F3B273412C7004337ED /* NewsVC.xib */,
				C7E08A5E273A313A00C15A74 /* NewsTappedVC.xib */,
			);
			path = News;
			sourceTree = "<group>";
		};
		C7E08A61273A315300C15A74 /* News */ = {
			isa = PBXGroup;
			children = (
				C7FE1F3A273412C7004337ED /* NewsVC.swift */,
				C7E08A5D273A313A00C15A74 /* NewsTappedVC.swift */,
			);
			path = News;
			sourceTree = "<group>";
		};
		C7E0B43C272F9E3800FE4F78 /* Helpers */ = {
			isa = PBXGroup;
			children = (
				C7E0B43D272F9E4900FE4F78 /* Keys.swift */,
				C7E0B43F272F9ED000FE4F78 /* Cache.swift */,
				C785A218272ACCE20061B719 /* Extension.swift */,
				C772A75E27451C6A00B5F5BF /* AppColor.swift */,
			);
			path = Helpers;
			sourceTree = "<group>";
		};
		C7FE1F2B2733EC6A004337ED /* Profile */ = {
			isa = PBXGroup;
			children = (
				C77F7BF1273166DB003B3FAE /* MyProfileVC.swift */,
				C7FE1F272733EC61004337ED /* Settings.swift */,
				C7FE1F3627340771004337ED /* ReviewsVC.swift */,
			);
			path = Profile;
			sourceTree = "<group>";
		};
		C7FE1F2C2733EC79004337ED /* Profile */ = {
			isa = PBXGroup;
			children = (
				C77F7BF2273166DB003B3FAE /* MyProfileVC.xib */,
				C7FE1F282733EC61004337ED /* Settings.xib */,
				C7FE1F3727340771004337ED /* ReviewsVC.xib */,
			);
			path = Profile;
			sourceTree = "<group>";
		};
		C7FE1F352733FB85004337ED /* Supporting Files */ = {
			isa = PBXGroup;
			children = (
				C785A204272AC7FB0061B719 /* Info.plist */,
			);
			path = "Supporting Files";
			sourceTree = "<group>";
		};
		C7FE1F3E27341380004337ED /* CollectionViewCell */ = {
			isa = PBXGroup;
			children = (
				C7FC64DA2736D13C00A80D4B /* HomeCell.swift */,
				C77784B4273AA4D3002B1534 /* PurchasesCell.swift */,
				C7FC64D52736B02900A80D4B /* ProductsCell.swift */,
			);
			path = CollectionViewCell;
			sourceTree = "<group>";
		};
		C7FE1F43273413A4004337ED /* CollectionViewCell */ = {
			isa = PBXGroup;
			children = (
				C7FC64DB2736D13C00A80D4B /* HomeCell.xib */,
				C77784B5273AA4D3002B1534 /* PurchasesCell.xib */,
				C7FC64D62736B02900A80D4B /* ProductsCell.xib */,
			);
			path = CollectionViewCell;
			sourceTree = "<group>";
		};
		C957522BD813CC70E9ADA121 /* Pods */ = {
			isa = PBXGroup;
			children = (
				A600C0B15AB01F0918FF37AF /* Pods-PulBackCashBack.debug.xcconfig */,
				A6194DD12C370CC913863650 /* Pods-PulBackCashBack.release.xcconfig */,
			);
			path = Pods;
			sourceTree = "<group>";
		};
/* End PBXGroup section */

/* Begin PBXNativeTarget section */
		C785A1F2272AC7F60061B719 /* PulBackCashBack */ = {
			isa = PBXNativeTarget;
			buildConfigurationList = C785A207272AC7FB0061B719 /* Build configuration list for PBXNativeTarget "PulBackCashBack" */;
			buildPhases = (
				3A9DE2D22FD47CC3C9B6B32E /* [CP] Check Pods Manifest.lock */,
				C785A1EF272AC7F60061B719 /* Sources */,
				C785A1F0272AC7F60061B719 /* Frameworks */,
				C785A1F1272AC7F60061B719 /* Resources */,
				7770F1BA9B63258C26E79160 /* [CP] Embed Pods Frameworks */,
				02E703203DAFBB89E0135C5F /* [CP] Copy Pods Resources */,
			);
			buildRules = (
			);
			dependencies = (
			);
			name = PulBackCashBack;
			productName = PulBackCashBack;
			productReference = C785A1F3272AC7F60061B719 /* PulBackCashBack.app */;
			productType = "com.apple.product-type.application";
		};
/* End PBXNativeTarget section */

/* Begin PBXProject section */
		C785A1EB272AC7F60061B719 /* Project object */ = {
			isa = PBXProject;
			attributes = {
				LastSwiftUpdateCheck = 1250;
				LastUpgradeCheck = 1250;
				TargetAttributes = {
					C785A1F2272AC7F60061B719 = {
						CreatedOnToolsVersion = 12.5.1;
					};
				};
			};
			buildConfigurationList = C785A1EE272AC7F60061B719 /* Build configuration list for PBXProject "PulBackCashBack" */;
			compatibilityVersion = "Xcode 9.3";
			developmentRegion = en;
			hasScannedForEncodings = 0;
			knownRegions = (
				en,
				Base,
			);
			mainGroup = C785A1EA272AC7F60061B719;
			productRefGroup = C785A1F4272AC7F60061B719 /* Products */;
			projectDirPath = "";
			projectRoot = "";
			targets = (
				C785A1F2272AC7F60061B719 /* PulBackCashBack */,
			);
		};
/* End PBXProject section */

/* Begin PBXResourcesBuildPhase section */
		C785A1F1272AC7F60061B719 /* Resources */ = {
			isa = PBXResourcesBuildPhase;
			buildActionMask = 2147483647;
			files = (
				C7FE1F3927340771004337ED /* ReviewsVC.xib in Resources */,
				C785A210272AC8860061B719 /* MainVC.xib in Resources */,
				C77F7BF4273166DB003B3FAE /* MyProfileVC.xib in Resources */,
				C721A7F72746A5CD00DD82A5 /* Assets.xcassets in Resources */,
				C7FE1F302733ECEB004337ED /* SettingsCell.xib in Resources */,
				C753C4F32743FD74004D3C18 /* ReviewsCell.xib in Resources */,
				C7FC64D82736B02900A80D4B /* ProductsCell.xib in Resources */,
				C785A203272AC7FB0061B719 /* LaunchScreen.storyboard in Resources */,
				C77F7BED27316671003B3FAE /* QRCodeVC.xib in Resources */,
				C7E0B43B272F9A2B00FE4F78 /* ConfirmationVC.xib in Resources */,
				C7B1063D27369FDF004A0CD5 /* ProductsVC.xib in Resources */,
				C766CB3627302F4700DB0E1A /* PinVC.xib in Resources */,
				C77F7BFC27318B06003B3FAE /* BalanceCell.xib in Resources */,
				C785A214272ACB9E0061B719 /* LoginVC.xib in Resources */,
				C77F7C0227318C5B003B3FAE /* OpenBeetoCell.xib in Resources */,
				C77F7BE527316628003B3FAE /* HomeVC.xib in Resources */,
				C77F7BE927316650003B3FAE /* BranchesVC.xib in Resources */,
				C711393B273D3860007B74EE /* done.json in Resources */,
				C7113939273D384D007B74EE /* loader.json in Resources */,
				C7FE1F3D273412C7004337ED /* NewsVC.xib in Resources */,
				C7FE1F342733F320004337ED /* ProfileCell.xib in Resources */,
				C7E0B4482730180F00FE4F78 /* ProfileVC.xib in Resources */,
				C7FE1F2A2733EC61004337ED /* Settings.xib in Resources */,
				C7E08A60273A313A00C15A74 /* NewsTappedVC.xib in Resources */,
				C753C4E92743DF28004D3C18 /* BonusesTableCell.xib in Resources */,
				C753C4ED2743E0AC004D3C18 /* PurchasesTableCell.xib in Resources */,
				C7D0C2642732C92B00AE06CB /* BonusesCell.xib in Resources */,
				C77784B7273AA4D3002B1534 /* PurchasesCell.xib in Resources */,
				C7FC64DD2736D13C00A80D4B /* HomeCell.xib in Resources */,
			);
			runOnlyForDeploymentPostprocessing = 0;
		};
/* End PBXResourcesBuildPhase section */

/* Begin PBXShellScriptBuildPhase section */
		02E703203DAFBB89E0135C5F /* [CP] Copy Pods Resources */ = {
			isa = PBXShellScriptBuildPhase;
			buildActionMask = 2147483647;
			files = (
			);
			inputFileListPaths = (
				"${PODS_ROOT}/Target Support Files/Pods-PulBackCashBack/Pods-PulBackCashBack-resources-${CONFIGURATION}-input-files.xcfilelist",
			);
			name = "[CP] Copy Pods Resources";
			outputFileListPaths = (
				"${PODS_ROOT}/Target Support Files/Pods-PulBackCashBack/Pods-PulBackCashBack-resources-${CONFIGURATION}-output-files.xcfilelist",
			);
			runOnlyForDeploymentPostprocessing = 0;
			shellPath = /bin/sh;
			shellScript = "\"${PODS_ROOT}/Target Support Files/Pods-PulBackCashBack/Pods-PulBackCashBack-resources.sh\"\n";
			showEnvVarsInLog = 0;
		};
		3A9DE2D22FD47CC3C9B6B32E /* [CP] Check Pods Manifest.lock */ = {
			isa = PBXShellScriptBuildPhase;
			buildActionMask = 2147483647;
			files = (
			);
			inputFileListPaths = (
			);
			inputPaths = (
				"${PODS_PODFILE_DIR_PATH}/Podfile.lock",
				"${PODS_ROOT}/Manifest.lock",
			);
			name = "[CP] Check Pods Manifest.lock";
			outputFileListPaths = (
			);
			outputPaths = (
				"$(DERIVED_FILE_DIR)/Pods-PulBackCashBack-checkManifestLockResult.txt",
			);
			runOnlyForDeploymentPostprocessing = 0;
			shellPath = /bin/sh;
			shellScript = "diff \"${PODS_PODFILE_DIR_PATH}/Podfile.lock\" \"${PODS_ROOT}/Manifest.lock\" > /dev/null\nif [ $? != 0 ] ; then\n    # print error to STDERR\n    echo \"error: The sandbox is not in sync with the Podfile.lock. Run 'pod install' or update your CocoaPods installation.\" >&2\n    exit 1\nfi\n# This output is used by Xcode 'outputs' to avoid re-running this script phase.\necho \"SUCCESS\" > \"${SCRIPT_OUTPUT_FILE_0}\"\n";
			showEnvVarsInLog = 0;
		};
		7770F1BA9B63258C26E79160 /* [CP] Embed Pods Frameworks */ = {
			isa = PBXShellScriptBuildPhase;
			buildActionMask = 2147483647;
			files = (
			);
			inputFileListPaths = (
				"${PODS_ROOT}/Target Support Files/Pods-PulBackCashBack/Pods-PulBackCashBack-frameworks-${CONFIGURATION}-input-files.xcfilelist",
			);
			name = "[CP] Embed Pods Frameworks";
			outputFileListPaths = (
				"${PODS_ROOT}/Target Support Files/Pods-PulBackCashBack/Pods-PulBackCashBack-frameworks-${CONFIGURATION}-output-files.xcfilelist",
			);
			runOnlyForDeploymentPostprocessing = 0;
			shellPath = /bin/sh;
			shellScript = "\"${PODS_ROOT}/Target Support Files/Pods-PulBackCashBack/Pods-PulBackCashBack-frameworks.sh\"\n";
			showEnvVarsInLog = 0;
		};
/* End PBXShellScriptBuildPhase section */

/* Begin PBXSourcesBuildPhase section */
		C785A1EF272AC7F60061B719 /* Sources */ = {
			isa = PBXSourcesBuildPhase;
			buildActionMask = 2147483647;
			files = (
				C757ECB52748F9A6008BE5E8 /* ItemGetByBarCode.swift in Sources */,
				C7FE1F2F2733ECEB004337ED /* SettingsCell.swift in Sources */,
				C7E08A5F273A313A00C15A74 /* NewsTappedVC.swift in Sources */,
				C77F7BEC27316671003B3FAE /* QRCodeVC.swift in Sources */,
				C772A7612745305400B5F5BF /* UserData.swift in Sources */,
				C77F7BFB27318B06003B3FAE /* BalanceCell.swift in Sources */,
				C78F2C3B273E1EE600EF6AF3 /* GetBannerNews.swift in Sources */,
				C77F7BE827316650003B3FAE /* BranchesVC.swift in Sources */,
				C7E0B442272FA0E900FE4F78 /* Alert.swift in Sources */,
				C77F7BE427316628003B3FAE /* HomeVC.swift in Sources */,
				C753C4F22743FD74004D3C18 /* ReviewsCell.swift in Sources */,
				C772A75F27451C6A00B5F5BF /* AppColor.swift in Sources */,
				C77F7BE1273165E7003B3FAE /* TabBarController.swift in Sources */,
				C753C4EF2743EBAD004D3C18 /* Branches.swift in Sources */,
				C785A1F7272AC7F60061B719 /* AppDelegate.swift in Sources */,
				C77784B6273AA4D3002B1534 /* PurchasesCell.swift in Sources */,
				C7FE1F292733EC61004337ED /* Settings.swift in Sources */,
				C77F7BF3273166DB003B3FAE /* MyProfileVC.swift in Sources */,
				C7FE1F3827340771004337ED /* ReviewsVC.swift in Sources */,
				C766CB3527302F4700DB0E1A /* PinVC.swift in Sources */,
				C785A20F272AC8860061B719 /* MainVC.swift in Sources */,
				C753C4E52743D756004D3C18 /* Pays.swift in Sources */,
				C7E0B440272F9ED000FE4F78 /* Cache.swift in Sources */,
				C7E0B444272FA0F100FE4F78 /* Loader.swift in Sources */,
				C7B1063C27369FDF004A0CD5 /* ProductsVC.swift in Sources */,
				C7FC64DC2736D13C00A80D4B /* HomeCell.swift in Sources */,
				C7D0C2632732C92B00AE06CB /* BonusesCell.swift in Sources */,
				C785A216272ACCBE0061B719 /* CustomTF.swift in Sources */,
				C73A1BC627342E78009E6D1D /* CustomMarkerView.swift in Sources */,
				C7E0B43A272F9A2B00FE4F78 /* ConfirmationVC.swift in Sources */,
				C77F7C0127318C5A003B3FAE /* OpenBeetoCell.swift in Sources */,
				C7FE1F3C273412C7004337ED /* NewsVC.swift in Sources */,
				C778AD6A273D3AB500991C77 /* Net.swift in Sources */,
				C753C4EC2743E0AC004D3C18 /* PurchasesTableCell.swift in Sources */,
				C7E0B43E272F9E4900FE4F78 /* Keys.swift in Sources */,
				C785A213272ACB9E0061B719 /* LoginVC.swift in Sources */,
				C7CCBFB1273AF18100A8D5ED /* CarouselData.swift in Sources */,
				C7113932273D3551007B74EE /* Reachability.swift in Sources */,
				C753C4E82743DF28004D3C18 /* BonusesTableCell.swift in Sources */,
				C7FE1F332733F320004337ED /* ProfileCell.swift in Sources */,
				C73A1BC527342E78009E6D1D /* CustomMarkerInfoWindow.swift in Sources */,
				C778AD6C273D3AF300991C77 /* API.swift in Sources */,
				C7E0B4472730180F00FE4F78 /* ProfileVC.swift in Sources */,
				C782EF3527465ABE00565EFD /* DoneAlert.swift in Sources */,
				C757ECB32748DA5F008BE5E8 /* Scanner.swift in Sources */,
				C785A219272ACCE20061B719 /* Extension.swift in Sources */,
				C7FC64D72736B02900A80D4B /* ProductsCell.swift in Sources */,
			);
			runOnlyForDeploymentPostprocessing = 0;
		};
/* End PBXSourcesBuildPhase section */

/* Begin PBXVariantGroup section */
		C785A201272AC7FB0061B719 /* LaunchScreen.storyboard */ = {
			isa = PBXVariantGroup;
			children = (
				C785A202272AC7FB0061B719 /* Base */,
			);
			name = LaunchScreen.storyboard;
			sourceTree = "<group>";
		};
/* End PBXVariantGroup section */

/* Begin XCBuildConfiguration section */
		C785A205272AC7FB0061B719 /* Debug */ = {
			isa = XCBuildConfiguration;
			buildSettings = {
				ALWAYS_SEARCH_USER_PATHS = NO;
				CLANG_ANALYZER_NONNULL = YES;
				CLANG_ANALYZER_NUMBER_OBJECT_CONVERSION = YES_AGGRESSIVE;
				CLANG_CXX_LANGUAGE_STANDARD = "gnu++14";
				CLANG_CXX_LIBRARY = "libc++";
				CLANG_ENABLE_MODULES = YES;
				CLANG_ENABLE_OBJC_ARC = YES;
				CLANG_ENABLE_OBJC_WEAK = YES;
				CLANG_WARN_BLOCK_CAPTURE_AUTORELEASING = YES;
				CLANG_WARN_BOOL_CONVERSION = YES;
				CLANG_WARN_COMMA = YES;
				CLANG_WARN_CONSTANT_CONVERSION = YES;
				CLANG_WARN_DEPRECATED_OBJC_IMPLEMENTATIONS = YES;
				CLANG_WARN_DIRECT_OBJC_ISA_USAGE = YES_ERROR;
				CLANG_WARN_DOCUMENTATION_COMMENTS = YES;
				CLANG_WARN_EMPTY_BODY = YES;
				CLANG_WARN_ENUM_CONVERSION = YES;
				CLANG_WARN_INFINITE_RECURSION = YES;
				CLANG_WARN_INT_CONVERSION = YES;
				CLANG_WARN_NON_LITERAL_NULL_CONVERSION = YES;
				CLANG_WARN_OBJC_IMPLICIT_RETAIN_SELF = YES;
				CLANG_WARN_OBJC_LITERAL_CONVERSION = YES;
				CLANG_WARN_OBJC_ROOT_CLASS = YES_ERROR;
				CLANG_WARN_QUOTED_INCLUDE_IN_FRAMEWORK_HEADER = YES;
				CLANG_WARN_RANGE_LOOP_ANALYSIS = YES;
				CLANG_WARN_STRICT_PROTOTYPES = YES;
				CLANG_WARN_SUSPICIOUS_MOVE = YES;
				CLANG_WARN_UNGUARDED_AVAILABILITY = YES_AGGRESSIVE;
				CLANG_WARN_UNREACHABLE_CODE = YES;
				CLANG_WARN__DUPLICATE_METHOD_MATCH = YES;
				COPY_PHASE_STRIP = NO;
				DEBUG_INFORMATION_FORMAT = dwarf;
				ENABLE_STRICT_OBJC_MSGSEND = YES;
				ENABLE_TESTABILITY = YES;
				GCC_C_LANGUAGE_STANDARD = gnu11;
				GCC_DYNAMIC_NO_PIC = NO;
				GCC_NO_COMMON_BLOCKS = YES;
				GCC_OPTIMIZATION_LEVEL = 0;
				GCC_PREPROCESSOR_DEFINITIONS = (
					"DEBUG=1",
					"$(inherited)",
				);
				GCC_WARN_64_TO_32_BIT_CONVERSION = YES;
				GCC_WARN_ABOUT_RETURN_TYPE = YES_ERROR;
				GCC_WARN_UNDECLARED_SELECTOR = YES;
				GCC_WARN_UNINITIALIZED_AUTOS = YES_AGGRESSIVE;
				GCC_WARN_UNUSED_FUNCTION = YES;
				GCC_WARN_UNUSED_VARIABLE = YES;
				IPHONEOS_DEPLOYMENT_TARGET = 14.5;
				MTL_ENABLE_DEBUG_INFO = INCLUDE_SOURCE;
				MTL_FAST_MATH = YES;
				ONLY_ACTIVE_ARCH = YES;
				SDKROOT = iphoneos;
				SWIFT_ACTIVE_COMPILATION_CONDITIONS = DEBUG;
				SWIFT_OPTIMIZATION_LEVEL = "-Onone";
			};
			name = Debug;
		};
		C785A206272AC7FB0061B719 /* Release */ = {
			isa = XCBuildConfiguration;
			buildSettings = {
				ALWAYS_SEARCH_USER_PATHS = NO;
				CLANG_ANALYZER_NONNULL = YES;
				CLANG_ANALYZER_NUMBER_OBJECT_CONVERSION = YES_AGGRESSIVE;
				CLANG_CXX_LANGUAGE_STANDARD = "gnu++14";
				CLANG_CXX_LIBRARY = "libc++";
				CLANG_ENABLE_MODULES = YES;
				CLANG_ENABLE_OBJC_ARC = YES;
				CLANG_ENABLE_OBJC_WEAK = YES;
				CLANG_WARN_BLOCK_CAPTURE_AUTORELEASING = YES;
				CLANG_WARN_BOOL_CONVERSION = YES;
				CLANG_WARN_COMMA = YES;
				CLANG_WARN_CONSTANT_CONVERSION = YES;
				CLANG_WARN_DEPRECATED_OBJC_IMPLEMENTATIONS = YES;
				CLANG_WARN_DIRECT_OBJC_ISA_USAGE = YES_ERROR;
				CLANG_WARN_DOCUMENTATION_COMMENTS = YES;
				CLANG_WARN_EMPTY_BODY = YES;
				CLANG_WARN_ENUM_CONVERSION = YES;
				CLANG_WARN_INFINITE_RECURSION = YES;
				CLANG_WARN_INT_CONVERSION = YES;
				CLANG_WARN_NON_LITERAL_NULL_CONVERSION = YES;
				CLANG_WARN_OBJC_IMPLICIT_RETAIN_SELF = YES;
				CLANG_WARN_OBJC_LITERAL_CONVERSION = YES;
				CLANG_WARN_OBJC_ROOT_CLASS = YES_ERROR;
				CLANG_WARN_QUOTED_INCLUDE_IN_FRAMEWORK_HEADER = YES;
				CLANG_WARN_RANGE_LOOP_ANALYSIS = YES;
				CLANG_WARN_STRICT_PROTOTYPES = YES;
				CLANG_WARN_SUSPICIOUS_MOVE = YES;
				CLANG_WARN_UNGUARDED_AVAILABILITY = YES_AGGRESSIVE;
				CLANG_WARN_UNREACHABLE_CODE = YES;
				CLANG_WARN__DUPLICATE_METHOD_MATCH = YES;
				COPY_PHASE_STRIP = NO;
				DEBUG_INFORMATION_FORMAT = "dwarf-with-dsym";
				ENABLE_NS_ASSERTIONS = NO;
				ENABLE_STRICT_OBJC_MSGSEND = YES;
				GCC_C_LANGUAGE_STANDARD = gnu11;
				GCC_NO_COMMON_BLOCKS = YES;
				GCC_WARN_64_TO_32_BIT_CONVERSION = YES;
				GCC_WARN_ABOUT_RETURN_TYPE = YES_ERROR;
				GCC_WARN_UNDECLARED_SELECTOR = YES;
				GCC_WARN_UNINITIALIZED_AUTOS = YES_AGGRESSIVE;
				GCC_WARN_UNUSED_FUNCTION = YES;
				GCC_WARN_UNUSED_VARIABLE = YES;
				IPHONEOS_DEPLOYMENT_TARGET = 14.5;
				MTL_ENABLE_DEBUG_INFO = NO;
				MTL_FAST_MATH = YES;
				SDKROOT = iphoneos;
				SWIFT_COMPILATION_MODE = wholemodule;
				SWIFT_OPTIMIZATION_LEVEL = "-O";
				VALIDATE_PRODUCT = YES;
			};
			name = Release;
		};
		C785A208272AC7FB0061B719 /* Debug */ = {
			isa = XCBuildConfiguration;
			baseConfigurationReference = A600C0B15AB01F0918FF37AF /* Pods-PulBackCashBack.debug.xcconfig */;
			buildSettings = {
				ASSETCATALOG_COMPILER_APPICON_NAME = AppIcon;
				ASSETCATALOG_COMPILER_GLOBAL_ACCENT_COLOR_NAME = AccentColor;
				CODE_SIGN_STYLE = Automatic;
				DEVELOPMENT_TEAM = 47VK337CR8;
				INFOPLIST_FILE = "PulBackCashBack/Supporting Files/Info.plist";
				LD_RUNPATH_SEARCH_PATHS = (
					"$(inherited)",
					"@executable_path/Frameworks",
				);
				PRODUCT_BUNDLE_IDENTIFIER = "Firdavs-Zokirov.PulBackCashBack";
				PRODUCT_NAME = "$(TARGET_NAME)";
				SWIFT_VERSION = 5.0;
				TARGETED_DEVICE_FAMILY = "1,2";
			};
			name = Debug;
		};
		C785A209272AC7FB0061B719 /* Release */ = {
			isa = XCBuildConfiguration;
			baseConfigurationReference = A6194DD12C370CC913863650 /* Pods-PulBackCashBack.release.xcconfig */;
			buildSettings = {
				ASSETCATALOG_COMPILER_APPICON_NAME = AppIcon;
				ASSETCATALOG_COMPILER_GLOBAL_ACCENT_COLOR_NAME = AccentColor;
				CODE_SIGN_STYLE = Automatic;
				DEVELOPMENT_TEAM = 47VK337CR8;
				INFOPLIST_FILE = "PulBackCashBack/Supporting Files/Info.plist";
				LD_RUNPATH_SEARCH_PATHS = (
					"$(inherited)",
					"@executable_path/Frameworks",
				);
				PRODUCT_BUNDLE_IDENTIFIER = "Firdavs-Zokirov.PulBackCashBack";
				PRODUCT_NAME = "$(TARGET_NAME)";
				SWIFT_VERSION = 5.0;
				TARGETED_DEVICE_FAMILY = "1,2";
			};
			name = Release;
		};
/* End XCBuildConfiguration section */

/* Begin XCConfigurationList section */
		C785A1EE272AC7F60061B719 /* Build configuration list for PBXProject "PulBackCashBack" */ = {
			isa = XCConfigurationList;
			buildConfigurations = (
				C785A205272AC7FB0061B719 /* Debug */,
				C785A206272AC7FB0061B719 /* Release */,
			);
			defaultConfigurationIsVisible = 0;
			defaultConfigurationName = Release;
		};
		C785A207272AC7FB0061B719 /* Build configuration list for PBXNativeTarget "PulBackCashBack" */ = {
			isa = XCConfigurationList;
			buildConfigurations = (
				C785A208272AC7FB0061B719 /* Debug */,
				C785A209272AC7FB0061B719 /* Release */,
			);
			defaultConfigurationIsVisible = 0;
			defaultConfigurationName = Release;
		};
/* End XCConfigurationList section */
	};
	rootObject = C785A1EB272AC7F60061B719 /* Project object */;
}
